
Microsoft Visual Studio Solution File, Format Version 12.00
# Visual Studio Version 17
VisualStudioVersion = 17.5.33414.496
MinimumVisualStudioVersion = 10.0.40219.1
Project("{FAE04EC0-301F-11D3-BF4B-00C04F79EFBC}") = "ChangeLogFormatter", "ChangeLogFormatter.csproj", "{26F4AFF8-3EFE-4D77-8D06-5D5D6FCAB01D}"
EndProject
Project("{FAE04EC0-301F-11D3-BF4B-00C04F79EFBC}") = "Tests", "Test\Tests.csproj", "{5A4C2D9E-32E4-4878-9FF1-3149A6D29D28}"
EndProject
Global
	GlobalSection(SolutionConfigurationPlatforms) = preSolution
		Debug|Any CPU = Debug|Any CPU
		Release|Any CPU = Release|Any CPU
	EndGlobalSection
	GlobalSection(ProjectConfigurationPlatforms) = postSolution
		{26F4AFF8-3EFE-4D77-8D06-5D5D6FCAB01D}.Debug|Any CPU.ActiveCfg = Debug|Any CPU
		{26F4AFF8-3EFE-4D77-8D06-5D5D6FCAB01D}.Debug|Any CPU.Build.0 = Debug|Any CPU
		{26F4AFF8-3EFE-4D77-8D06-5D5D6FCAB01D}.Release|Any CPU.ActiveCfg = Release|Any CPU
		{26F4AFF8-3EFE-4D77-8D06-5D5D6FCAB01D}.Release|Any CPU.Build.0 = Release|Any CPU
		{5A4C2D9E-32E4-4878-9FF1-3149A6D29D28}.Debug|Any CPU.ActiveCfg = Debug|Any CPU
		{5A4C2D9E-32E4-4878-9FF1-3149A6D29D28}.Debug|Any CPU.Build.0 = Debug|Any CPU
		{5A4C2D9E-32E4-4878-9FF1-3149A6D29D28}.Release|Any CPU.ActiveCfg = Release|Any CPU
		{5A4C2D9E-32E4-4878-9FF1-3149A6D29D28}.Release|Any CPU.Build.0 = Release|Any CPU
	EndGlobalSection
	GlobalSection(SolutionProperties) = preSolution
		HideSolutionNode = FALSE
	EndGlobalSection
	GlobalSection(ExtensibilityGlobals) = postSolution
		SolutionGuid = {B589088B-7D31-4076-9564-0E30EDCF1C6E}
	EndGlobalSection
EndGlobal
