
Microsoft Visual Studio Solution File, Format Version 12.00
# Visual Studio Version 17
VisualStudioVersion = 17.11.35208.52
MinimumVisualStudioVersion = 10.0.40219.1
Project("{FAE04EC0-301F-11D3-BF4B-00C04F79EFBC}") = "ChangeLogGeneratorDotNet48", "ChangeLogGeneratorDotNet48.csproj", "{2DD2F305-8039-40F9-8A5A-27F3013B849E}"
EndProject
Global
	GlobalSection(SolutionConfigurationPlatforms) = preSolution
		Debug|Any CPU = Debug|Any CPU
		Release|Any CPU = Release|Any CPU
	EndGlobalSection
	GlobalSection(ProjectConfigurationPlatforms) = postSolution
		{2DD2F305-8039-40F9-8A5A-27F3013B849E}.Debug|Any CPU.ActiveCfg = Debug|Any CPU
		{2DD2F305-8039-40F9-8A5A-27F3013B849E}.Debug|Any CPU.Build.0 = Debug|Any CPU
		{2DD2F305-8039-40F9-8A5A-27F3013B849E}.Release|Any CPU.ActiveCfg = Release|Any CPU
		{2DD2F305-8039-40F9-8A5A-27F3013B849E}.Release|Any CPU.Build.0 = Release|Any CPU
	EndGlobalSection
	GlobalSection(SolutionProperties) = preSolution
		HideSolutionNode = FALSE
	EndGlobalSection
	GlobalSection(ExtensibilityGlobals) = postSolution
		SolutionGuid = {5A5D1076-4E10-419B-8CC7-4287C86B3A7D}
	EndGlobalSection
EndGlobal
